{
  "pins" : [
    {
      "identity" : "dbs_checkout_ios_sdk",
      "kind" : "remoteSourceControl",
      "location" : "https://github.com/Dmitry-rman/dbs_checkout_ios_sdk",
      "state" : {
        "revision" : "5015ff8454b63f6761456b8371e620fbd229f8e9",
        "version" : "0.3.0"
      }
    }
  ],
  "version" : 2
}
