// !$*UTF8*$!
{
	archiveVersion = 1;
	classes = {
	};
	objectVersion = 56;
	objects = {

/* Begin PBXBuildFile section */
		0A17928129CDCB7B00CCBD12 /* IPTSampleApp.swift in Sources */ = {isa = PBXBuildFile; fileRef = 0A17928029CDCB7B00CCBD12 /* IPTSampleApp.swift */; };
		0A17928329CDCB7B00CCBD12 /* ContentView.swift in Sources */ = {isa = PBXBuildFile; fileRef = 0A17928229CDCB7B00CCBD12 /* ContentView.swift */; };
		0A17928529CDCB7D00CCBD12 /* Assets.xcassets in Resources */ = {isa = PBXBuildFile; fileRef = 0A17928429CDCB7D00CCBD12 /* Assets.xcassets */; };
		0A17928829CDCB7D00CCBD12 /* Preview Assets.xcassets in Resources */ = {isa = PBXBuildFile; fileRef = 0A17928729CDCB7D00CCBD12 /* Preview Assets.xcassets */; };
		0A20378529DDC4A9000E1569 /* IPTCheckoutCore.xcframework in Frameworks */ = {isa = PBXBuildFile; fileRef = 0A20378329DDC4A9000E1569 /* IPTCheckoutCore.xcframework */; };
		0A3B864229DD844A00C85FA8 /* AppDelegate.swift in Sources */ = {isa = PBXBuildFile; fileRef = 0A3B864129DD844A00C85FA8 /* AppDelegate.swift */; };
		0A3B864429DD844A00C85FA8 /* SceneDelegate.swift in Sources */ = {isa = PBXBuildFile; fileRef = 0A3B864329DD844A00C85FA8 /* SceneDelegate.swift */; };
		0A3B864629DD844A00C85FA8 /* ViewController.swift in Sources */ = {isa = PBXBuildFile; fileRef = 0A3B864529DD844A00C85FA8 /* ViewController.swift */; };
		0A3B864929DD844A00C85FA8 /* Main.storyboard in Resources */ = {isa = PBXBuildFile; fileRef = 0A3B864729DD844A00C85FA8 /* Main.storyboard */; };
		0A3B864B29DD844B00C85FA8 /* Assets.xcassets in Resources */ = {isa = PBXBuildFile; fileRef = 0A3B864A29DD844B00C85FA8 /* Assets.xcassets */; };
		0A3B864E29DD844B00C85FA8 /* LaunchScreen.storyboard in Resources */ = {isa = PBXBuildFile; fileRef = 0A3B864C29DD844B00C85FA8 /* LaunchScreen.storyboard */; };
		0A423E6029DEAD3100BABEF4 /* IPTCheckoutCore.xcframework in Embed Frameworks */ = {isa = PBXBuildFile; fileRef = 0A20378329DDC4A9000E1569 /* IPTCheckoutCore.xcframework */; settings = {ATTRIBUTES = (CodeSignOnCopy, RemoveHeadersOnCopy, ); }; };
		0A423E6229DEAD3200BABEF4 /* IPTCheckoutSDK.xcframework in Frameworks */ = {isa = PBXBuildFile; fileRef = 0A20378429DDC4A9000E1569 /* IPTCheckoutSDK.xcframework */; };
		0A423E6329DEAD3200BABEF4 /* IPTCheckoutSDK.xcframework in Embed Frameworks */ = {isa = PBXBuildFile; fileRef = 0A20378429DDC4A9000E1569 /* IPTCheckoutSDK.xcframework */; settings = {ATTRIBUTES = (CodeSignOnCopy, RemoveHeadersOnCopy, ); }; };
		0A423E6629DEB16800BABEF4 /* IPTCheckout in Frameworks */ = {isa = PBXBuildFile; productRef = 0A423E6529DEB16800BABEF4 /* IPTCheckout */; };
/* End PBXBuildFile section */

/* Begin PBXCopyFilesBuildPhase section */
		0A423E6129DEAD3100BABEF4 /* Embed Frameworks */ = {
			isa = PBXCopyFilesBuildPhase;
			buildActionMask = 2147483647;
			dstPath = "";
			dstSubfolderSpec = 10;
			files = (
				0A423E6329DEAD3200BABEF4 /* IPTCheckoutSDK.xcframework in Embed Frameworks */,
				0A423E6029DEAD3100BABEF4 /* IPTCheckoutCore.xcframework in Embed Frameworks */,
			);
			name = "Embed Frameworks";
			runOnlyForDeploymentPostprocessing = 0;
		};
/* End PBXCopyFilesBuildPhase section */

/* Begin PBXFileReference section */
		0A17927D29CDCB7B00CCBD12 /* IPTSampleAppSUI+XCF.app */ = {isa = PBXFileReference; explicitFileType = wrapper.application; includeInIndex = 0; path = "IPTSampleAppSUI+XCF.app"; sourceTree = BUILT_PRODUCTS_DIR; };
		0A17928029CDCB7B00CCBD12 /* IPTSampleApp.swift */ = {isa = PBXFileReference; lastKnownFileType = sourcecode.swift; path = IPTSampleApp.swift; sourceTree = "<group>"; };
		0A17928229CDCB7B00CCBD12 /* ContentView.swift */ = {isa = PBXFileReference; lastKnownFileType = sourcecode.swift; path = ContentView.swift; sourceTree = "<group>"; };
		0A17928429CDCB7D00CCBD12 /* Assets.xcassets */ = {isa = PBXFileReference; lastKnownFileType = folder.assetcatalog; path = Assets.xcassets; sourceTree = "<group>"; };
		0A17928729CDCB7D00CCBD12 /* Preview Assets.xcassets */ = {isa = PBXFileReference; lastKnownFileType = folder.assetcatalog; path = "Preview Assets.xcassets"; sourceTree = "<group>"; };
		0A20378329DDC4A9000E1569 /* IPTCheckoutCore.xcframework */ = {isa = PBXFileReference; lastKnownFileType = wrapper.xcframework; path = IPTCheckoutCore.xcframework; sourceTree = "<group>"; };
		0A20378429DDC4A9000E1569 /* IPTCheckoutSDK.xcframework */ = {isa = PBXFileReference; lastKnownFileType = wrapper.xcframework; path = IPTCheckoutSDK.xcframework; sourceTree = "<group>"; };
		0A3B863F29DD844A00C85FA8 /* IPTSampleUIKit+SPM.app */ = {isa = PBXFileReference; explicitFileType = wrapper.application; includeInIndex = 0; path = "IPTSampleUIKit+SPM.app"; sourceTree = BUILT_PRODUCTS_DIR; };
		0A3B864129DD844A00C85FA8 /* AppDelegate.swift */ = {isa = PBXFileReference; lastKnownFileType = sourcecode.swift; path = AppDelegate.swift; sourceTree = "<group>"; };
		0A3B864329DD844A00C85FA8 /* SceneDelegate.swift */ = {isa = PBXFileReference; lastKnownFileType = sourcecode.swift; path = SceneDelegate.swift; sourceTree = "<group>"; };
		0A3B864529DD844A00C85FA8 /* ViewController.swift */ = {isa = PBXFileReference; lastKnownFileType = sourcecode.swift; path = ViewController.swift; sourceTree = "<group>"; };
		0A3B864829DD844A00C85FA8 /* Base */ = {isa = PBXFileReference; lastKnownFileType = file.storyboard; name = Base; path = Base.lproj/Main.storyboard; sourceTree = "<group>"; };
		0A3B864A29DD844B00C85FA8 /* Assets.xcassets */ = {isa = PBXFileReference; lastKnownFileType = folder.assetcatalog; path = Assets.xcassets; sourceTree = "<group>"; };
		0A3B864D29DD844B00C85FA8 /* Base */ = {isa = PBXFileReference; lastKnownFileType = file.storyboard; name = Base; path = Base.lproj/LaunchScreen.storyboard; sourceTree = "<group>"; };
		0A3B864F29DD844B00C85FA8 /* Info.plist */ = {isa = PBXFileReference; lastKnownFileType = text.plist.xml; path = Info.plist; sourceTree = "<group>"; };
/* End PBXFileReference section */

/* Begin PBXFrameworksBuildPhase section */
		0A17927A29CDCB7B00CCBD12 /* Frameworks */ = {
			isa = PBXFrameworksBuildPhase;
			buildActionMask = 2147483647;
			files = (
				0A423E6229DEAD3200BABEF4 /* IPTCheckoutSDK.xcframework in Frameworks */,
				0A20378529DDC4A9000E1569 /* IPTCheckoutCore.xcframework in Frameworks */,
			);
			runOnlyForDeploymentPostprocessing = 0;
		};
		0A3B863C29DD844A00C85FA8 /* Frameworks */ = {
			isa = PBXFrameworksBuildPhase;
			buildActionMask = 2147483647;
			files = (
				0A423E6629DEB16800BABEF4 /* IPTCheckout in Frameworks */,
			);
			runOnlyForDeploymentPostprocessing = 0;
		};
/* End PBXFrameworksBuildPhase section */

/* Begin PBXGroup section */
		0A17927429CDCB7B00CCBD12 = {
			isa = PBXGroup;
			children = (
				0A17927F29CDCB7B00CCBD12 /* IPTSampleApp */,
				0A3B864029DD844A00C85FA8 /* IPTSampleUIKit */,
				0A17927E29CDCB7B00CCBD12 /* Products */,
				0A17928E29CDCC9F00CCBD12 /* Frameworks */,
			);
			sourceTree = "<group>";
		};
		0A17927E29CDCB7B00CCBD12 /* Products */ = {
			isa = PBXGroup;
			children = (
				0A17927D29CDCB7B00CCBD12 /* IPTSampleAppSUI+XCF.app */,
				0A3B863F29DD844A00C85FA8 /* IPTSampleUIKit+SPM.app */,
			);
			name = Products;
			sourceTree = "<group>";
		};
		0A17927F29CDCB7B00CCBD12 /* IPTSampleApp */ = {
			isa = PBXGroup;
			children = (
				0A17928029CDCB7B00CCBD12 /* IPTSampleApp.swift */,
				0A17928229CDCB7B00CCBD12 /* ContentView.swift */,
				0A17928429CDCB7D00CCBD12 /* Assets.xcassets */,
				0A17928629CDCB7D00CCBD12 /* Preview Content */,
			);
			path = IPTSampleApp;
			sourceTree = "<group>";
		};
		0A17928629CDCB7D00CCBD12 /* Preview Content */ = {
			isa = PBXGroup;
			children = (
				0A17928729CDCB7D00CCBD12 /* Preview Assets.xcassets */,
			);
			path = "Preview Content";
			sourceTree = "<group>";
		};
		0A17928E29CDCC9F00CCBD12 /* Frameworks */ = {
			isa = PBXGroup;
			children = (
				0A20378329DDC4A9000E1569 /* IPTCheckoutCore.xcframework */,
				0A20378429DDC4A9000E1569 /* IPTCheckoutSDK.xcframework */,
			);
			name = Frameworks;
			sourceTree = "<group>";
		};
		0A3B864029DD844A00C85FA8 /* IPTSampleUIKit */ = {
			isa = PBXGroup;
			children = (
				0A3B864129DD844A00C85FA8 /* AppDelegate.swift */,
				0A3B864329DD844A00C85FA8 /* SceneDelegate.swift */,
				0A3B864529DD844A00C85FA8 /* ViewController.swift */,
				0A3B864729DD844A00C85FA8 /* Main.storyboard */,
				0A3B864A29DD844B00C85FA8 /* Assets.xcassets */,
				0A3B864C29DD844B00C85FA8 /* LaunchScreen.storyboard */,
				0A3B864F29DD844B00C85FA8 /* Info.plist */,
			);
			path = IPTSampleUIKit;
			sourceTree = "<group>";
		};
/* End PBXGroup section */

/* Begin PBXNativeTarget section */
		0A17927C29CDCB7B00CCBD12 /* IPTSampleAppSUI+XCF */ = {
			isa = PBXNativeTarget;
			buildConfigurationList = 0A17928B29CDCB7D00CCBD12 /* Build configuration list for PBXNativeTarget "IPTSampleAppSUI+XCF" */;
			buildPhases = (
				0A17927929CDCB7B00CCBD12 /* Sources */,
				0A17927A29CDCB7B00CCBD12 /* Frameworks */,
				0A17927B29CDCB7B00CCBD12 /* Resources */,
				0A423E6129DEAD3100BABEF4 /* Embed Frameworks */,
			);
			buildRules = (
			);
			dependencies = (
			);
			name = "IPTSampleAppSUI+XCF";
			packageProductDependencies = (
			);
			productName = IPSSampleApp;
			productReference = 0A17927D29CDCB7B00CCBD12 /* IPTSampleAppSUI+XCF.app */;
			productType = "com.apple.product-type.application";
		};
		0A3B863E29DD844A00C85FA8 /* IPTSampleUIKit+SPM */ = {
			isa = PBXNativeTarget;
			buildConfigurationList = 0A3B865229DD844B00C85FA8 /* Build configuration list for PBXNativeTarget "IPTSampleUIKit+SPM" */;
			buildPhases = (
				0A3B863B29DD844A00C85FA8 /* Sources */,
				0A3B863C29DD844A00C85FA8 /* Frameworks */,
				0A3B863D29DD844A00C85FA8 /* Resources */,
			);
			buildRules = (
			);
			dependencies = (
			);
			name = "IPTSampleUIKit+SPM";
			packageProductDependencies = (
				0A423E6529DEB16800BABEF4 /* IPTCheckout */,
			);
			productName = IPTSampleUIKit;
			productReference = 0A3B863F29DD844A00C85FA8 /* IPTSampleUIKit+SPM.app */;
			productType = "com.apple.product-type.application";
		};
/* End PBXNativeTarget section */

/* Begin PBXProject section */
		0A17927529CDCB7B00CCBD12 /* Project object */ = {
			isa = PBXProject;
			attributes = {
				BuildIndependentTargetsInParallel = 1;
				LastSwiftUpdateCheck = 1420;
				LastUpgradeCheck = 1420;
				TargetAttributes = {
					0A17927C29CDCB7B00CCBD12 = {
						CreatedOnToolsVersion = 14.2;
					};
					0A3B863E29DD844A00C85FA8 = {
						CreatedOnToolsVersion = 14.2;
					};
				};
			};
			buildConfigurationList = 0A17927829CDCB7B00CCBD12 /* Build configuration list for PBXProject "IPTSampleApp" */;
			compatibilityVersion = "Xcode 14.0";
			developmentRegion = en;
			hasScannedForEncodings = 0;
			knownRegions = (
				en,
				Base,
			);
			mainGroup = 0A17927429CDCB7B00CCBD12;
			packageReferences = (
				0A423E6429DEB16800BABEF4 /* XCRemoteSwiftPackageReference "inplat_checkout_ios_sdk" */,
			);
			productRefGroup = 0A17927E29CDCB7B00CCBD12 /* Products */;
			projectDirPath = "";
			projectRoot = "";
			targets = (
				0A3B863E29DD844A00C85FA8 /* IPTSampleUIKit+SPM */,
				0A17927C29CDCB7B00CCBD12 /* IPTSampleAppSUI+XCF */,
			);
		};
/* End PBXProject section */

/* Begin PBXResourcesBuildPhase section */
		0A17927B29CDCB7B00CCBD12 /* Resources */ = {
			isa = PBXResourcesBuildPhase;
			buildActionMask = 2147483647;
			files = (
				0A17928829CDCB7D00CCBD12 /* Preview Assets.xcassets in Resources */,
				0A17928529CDCB7D00CCBD12 /* Assets.xcassets in Resources */,
			);
			runOnlyForDeploymentPostprocessing = 0;
		};
		0A3B863D29DD844A00C85FA8 /* Resources */ = {
			isa = PBXResourcesBuildPhase;
			buildActionMask = 2147483647;
			files = (
				0A3B864E29DD844B00C85FA8 /* LaunchScreen.storyboard in Resources */,
				0A3B864B29DD844B00C85FA8 /* Assets.xcassets in Resources */,
				0A3B864929DD844A00C85FA8 /* Main.storyboard in Resources */,
			);
			runOnlyForDeploymentPostprocessing = 0;
		};
/* End PBXResourcesBuildPhase section */

/* Begin PBXSourcesBuildPhase section */
		0A17927929CDCB7B00CCBD12 /* Sources */ = {
			isa = PBXSourcesBuildPhase;
			buildActionMask = 2147483647;
			files = (
				0A17928329CDCB7B00CCBD12 /* ContentView.swift in Sources */,
				0A17928129CDCB7B00CCBD12 /* IPTSampleApp.swift in Sources */,
			);
			runOnlyForDeploymentPostprocessing = 0;
		};
		0A3B863B29DD844A00C85FA8 /* Sources */ = {
			isa = PBXSourcesBuildPhase;
			buildActionMask = 2147483647;
			files = (
				0A3B864629DD844A00C85FA8 /* ViewController.swift in Sources */,
				0A3B864229DD844A00C85FA8 /* AppDelegate.swift in Sources */,
				0A3B864429DD844A00C85FA8 /* SceneDelegate.swift in Sources */,
			);
			runOnlyForDeploymentPostprocessing = 0;
		};
/* End PBXSourcesBuildPhase section */

/* Begin PBXVariantGroup section */
		0A3B864729DD844A00C85FA8 /* Main.storyboard */ = {
			isa = PBXVariantGroup;
			children = (
				0A3B864829DD844A00C85FA8 /* Base */,
			);
			name = Main.storyboard;
			sourceTree = "<group>";
		};
		0A3B864C29DD844B00C85FA8 /* LaunchScreen.storyboard */ = {
			isa = PBXVariantGroup;
			children = (
				0A3B864D29DD844B00C85FA8 /* Base */,
			);
			name = LaunchScreen.storyboard;
			sourceTree = "<group>";
		};
/* End PBXVariantGroup section */

/* Begin XCBuildConfiguration section */
		0A17928929CDCB7D00CCBD12 /* Debug */ = {
			isa = XCBuildConfiguration;
			buildSettings = {
				ALWAYS_SEARCH_USER_PATHS = NO;
				CLANG_ANALYZER_NONNULL = YES;
				CLANG_ANALYZER_NUMBER_OBJECT_CONVERSION = YES_AGGRESSIVE;
				CLANG_CXX_LANGUAGE_STANDARD = "gnu++20";
				CLANG_ENABLE_MODULES = YES;
				CLANG_ENABLE_OBJC_ARC = YES;
				CLANG_ENABLE_OBJC_WEAK = YES;
				CLANG_WARN_BLOCK_CAPTURE_AUTORELEASING = YES;
				CLANG_WARN_BOOL_CONVERSION = YES;
				CLANG_WARN_COMMA = YES;
				CLANG_WARN_CONSTANT_CONVERSION = YES;
				CLANG_WARN_DEPRECATED_OBJC_IMPLEMENTATIONS = YES;
				CLANG_WARN_DIRECT_OBJC_ISA_USAGE = YES_ERROR;
				CLANG_WARN_DOCUMENTATION_COMMENTS = YES;
				CLANG_WARN_EMPTY_BODY = YES;
				CLANG_WARN_ENUM_CONVERSION = YES;
				CLANG_WARN_INFINITE_RECURSION = YES;
				CLANG_WARN_INT_CONVERSION = YES;
				CLANG_WARN_NON_LITERAL_NULL_CONVERSION = YES;
				CLANG_WARN_OBJC_IMPLICIT_RETAIN_SELF = YES;
				CLANG_WARN_OBJC_LITERAL_CONVERSION = YES;
				CLANG_WARN_OBJC_ROOT_CLASS = YES_ERROR;
				CLANG_WARN_QUOTED_INCLUDE_IN_FRAMEWORK_HEADER = YES;
				CLANG_WARN_RANGE_LOOP_ANALYSIS = YES;
				CLANG_WARN_STRICT_PROTOTYPES = YES;
				CLANG_WARN_SUSPICIOUS_MOVE = YES;
				CLANG_WARN_UNGUARDED_AVAILABILITY = YES_AGGRESSIVE;
				CLANG_WARN_UNREACHABLE_CODE = YES;
				CLANG_WARN__DUPLICATE_METHOD_MATCH = YES;
				COPY_PHASE_STRIP = NO;
				DEBUG_INFORMATION_FORMAT = dwarf;
				ENABLE_STRICT_OBJC_MSGSEND = YES;
				ENABLE_TESTABILITY = YES;
				GCC_C_LANGUAGE_STANDARD = gnu11;
				GCC_DYNAMIC_NO_PIC = NO;
				GCC_NO_COMMON_BLOCKS = YES;
				GCC_OPTIMIZATION_LEVEL = 0;
				GCC_PREPROCESSOR_DEFINITIONS = (
					"DEBUG=1",
					"$(inherited)",
				);
				GCC_WARN_64_TO_32_BIT_CONVERSION = YES;
				GCC_WARN_ABOUT_RETURN_TYPE = YES_ERROR;
				GCC_WARN_UNDECLARED_SELECTOR = YES;
				GCC_WARN_UNINITIALIZED_AUTOS = YES_AGGRESSIVE;
				GCC_WARN_UNUSED_FUNCTION = YES;
				GCC_WARN_UNUSED_VARIABLE = YES;
				IPHONEOS_DEPLOYMENT_TARGET = 16.2;
				MTL_ENABLE_DEBUG_INFO = INCLUDE_SOURCE;
				MTL_FAST_MATH = YES;
				ONLY_ACTIVE_ARCH = YES;
				SDKROOT = iphoneos;
				SWIFT_ACTIVE_COMPILATION_CONDITIONS = DEBUG;
				SWIFT_OPTIMIZATION_LEVEL = "-Onone";
			};
			name = Debug;
		};
		0A17928A29CDCB7D00CCBD12 /* Release */ = {
			isa = XCBuildConfiguration;
			buildSettings = {
				ALWAYS_SEARCH_USER_PATHS = NO;
				CLANG_ANALYZER_NONNULL = YES;
				CLANG_ANALYZER_NUMBER_OBJECT_CONVERSION = YES_AGGRESSIVE;
				CLANG_CXX_LANGUAGE_STANDARD = "gnu++20";
				CLANG_ENABLE_MODULES = YES;
				CLANG_ENABLE_OBJC_ARC = YES;
				CLANG_ENABLE_OBJC_WEAK = YES;
				CLANG_WARN_BLOCK_CAPTURE_AUTORELEASING = YES;
				CLANG_WARN_BOOL_CONVERSION = YES;
				CLANG_WARN_COMMA = YES;
				CLANG_WARN_CONSTANT_CONVERSION = YES;
				CLANG_WARN_DEPRECATED_OBJC_IMPLEMENTATIONS = YES;
				CLANG_WARN_DIRECT_OBJC_ISA_USAGE = YES_ERROR;
				CLANG_WARN_DOCUMENTATION_COMMENTS = YES;
				CLANG_WARN_EMPTY_BODY = YES;
				CLANG_WARN_ENUM_CONVERSION = YES;
				CLANG_WARN_INFINITE_RECURSION = YES;
				CLANG_WARN_INT_CONVERSION = YES;
				CLANG_WARN_NON_LITERAL_NULL_CONVERSION = YES;
				CLANG_WARN_OBJC_IMPLICIT_RETAIN_SELF = YES;
				CLANG_WARN_OBJC_LITERAL_CONVERSION = YES;
				CLANG_WARN_OBJC_ROOT_CLASS = YES_ERROR;
				CLANG_WARN_QUOTED_INCLUDE_IN_FRAMEWORK_HEADER = YES;
				CLANG_WARN_RANGE_LOOP_ANALYSIS = YES;
				CLANG_WARN_STRICT_PROTOTYPES = YES;
				CLANG_WARN_SUSPICIOUS_MOVE = YES;
				CLANG_WARN_UNGUARDED_AVAILABILITY = YES_AGGRESSIVE;
				CLANG_WARN_UNREACHABLE_CODE = YES;
				CLANG_WARN__DUPLICATE_METHOD_MATCH = YES;
				COPY_PHASE_STRIP = NO;
				DEBUG_INFORMATION_FORMAT = "dwarf-with-dsym";
				ENABLE_NS_ASSERTIONS = NO;
				ENABLE_STRICT_OBJC_MSGSEND = YES;
				GCC_C_LANGUAGE_STANDARD = gnu11;
				GCC_NO_COMMON_BLOCKS = YES;
				GCC_WARN_64_TO_32_BIT_CONVERSION = YES;
				GCC_WARN_ABOUT_RETURN_TYPE = YES_ERROR;
				GCC_WARN_UNDECLARED_SELECTOR = YES;
				GCC_WARN_UNINITIALIZED_AUTOS = YES_AGGRESSIVE;
				GCC_WARN_UNUSED_FUNCTION = YES;
				GCC_WARN_UNUSED_VARIABLE = YES;
				IPHONEOS_DEPLOYMENT_TARGET = 16.2;
				MTL_ENABLE_DEBUG_INFO = NO;
				MTL_FAST_MATH = YES;
				SDKROOT = iphoneos;
				SWIFT_COMPILATION_MODE = wholemodule;
				SWIFT_OPTIMIZATION_LEVEL = "-O";
				VALIDATE_PRODUCT = YES;
			};
			name = Release;
		};
		0A17928C29CDCB7D00CCBD12 /* Debug */ = {
			isa = XCBuildConfiguration;
			buildSettings = {
				ASSETCATALOG_COMPILER_APPICON_NAME = AppIcon;
				ASSETCATALOG_COMPILER_GLOBAL_ACCENT_COLOR_NAME = AccentColor;
				CODE_SIGN_STYLE = Automatic;
				CURRENT_PROJECT_VERSION = 1;
				DEVELOPMENT_TEAM = 5K42YC37US;
				ENABLE_PREVIEWS = YES;
				GENERATE_INFOPLIST_FILE = YES;
				INFOPLIST_KEY_UIApplicationSceneManifest_Generation = YES;
				INFOPLIST_KEY_UIApplicationSupportsIndirectInputEvents = YES;
				INFOPLIST_KEY_UILaunchScreen_Generation = YES;
				INFOPLIST_KEY_UISupportedInterfaceOrientations_iPad = "UIInterfaceOrientationPortrait UIInterfaceOrientationPortraitUpsideDown UIInterfaceOrientationLandscapeLeft UIInterfaceOrientationLandscapeRight";
				INFOPLIST_KEY_UISupportedInterfaceOrientations_iPhone = "UIInterfaceOrientationPortrait UIInterfaceOrientationLandscapeLeft UIInterfaceOrientationLandscapeRight";
				IPHONEOS_DEPLOYMENT_TARGET = 14.0;
				LD_RUNPATH_SEARCH_PATHS = (
					"$(inherited)",
					"@executable_path/Frameworks",
				);
				MARKETING_VERSION = 1.0;
				PRODUCT_BUNDLE_IDENTIFIER = com.rockman.IPTSampleApp;
				PRODUCT_NAME = "$(TARGET_NAME)";
				SWIFT_EMIT_LOC_STRINGS = YES;
				SWIFT_VERSION = 5.0;
				TARGETED_DEVICE_FAMILY = "1,2";
			};
			name = Debug;
		};
		0A17928D29CDCB7D00CCBD12 /* Release */ = {
			isa = XCBuildConfiguration;
			buildSettings = {
				ASSETCATALOG_COMPILER_APPICON_NAME = AppIcon;
				ASSETCATALOG_COMPILER_GLOBAL_ACCENT_COLOR_NAME = AccentColor;
				CODE_SIGN_STYLE = Automatic;
				CURRENT_PROJECT_VERSION = 1;
				DEVELOPMENT_TEAM = 5K42YC37US;
				ENABLE_PREVIEWS = YES;
				GENERATE_INFOPLIST_FILE = YES;
				INFOPLIST_KEY_UIApplicationSceneManifest_Generation = YES;
				INFOPLIST_KEY_UIApplicationSupportsIndirectInputEvents = YES;
				INFOPLIST_KEY_UILaunchScreen_Generation = YES;
				INFOPLIST_KEY_UISupportedInterfaceOrientations_iPad = "UIInterfaceOrientationPortrait UIInterfaceOrientationPortraitUpsideDown UIInterfaceOrientationLandscapeLeft UIInterfaceOrientationLandscapeRight";
				INFOPLIST_KEY_UISupportedInterfaceOrientations_iPhone = "UIInterfaceOrientationPortrait UIInterfaceOrientationLandscapeLeft UIInterfaceOrientationLandscapeRight";
				IPHONEOS_DEPLOYMENT_TARGET = 14.0;
				LD_RUNPATH_SEARCH_PATHS = (
					"$(inherited)",
					"@executable_path/Frameworks",
				);
				MARKETING_VERSION = 1.0;
				PRODUCT_BUNDLE_IDENTIFIER = com.rockman.IPTSampleApp;
				PRODUCT_NAME = "$(TARGET_NAME)";
				SWIFT_EMIT_LOC_STRINGS = YES;
				SWIFT_VERSION = 5.0;
				TARGETED_DEVICE_FAMILY = "1,2";
			};
			name = Release;
		};
		0A3B865029DD844B00C85FA8 /* Debug */ = {
			isa = XCBuildConfiguration;
			buildSettings = {
				ASSETCATALOG_COMPILER_APPICON_NAME = AppIcon;
				ASSETCATALOG_COMPILER_GLOBAL_ACCENT_COLOR_NAME = AccentColor;
				CODE_SIGN_STYLE = Automatic;
				CURRENT_PROJECT_VERSION = 1;
				DEVELOPMENT_TEAM = 5K42YC37US;
				GENERATE_INFOPLIST_FILE = YES;
				INFOPLIST_FILE = IPTSampleUIKit/Info.plist;
				INFOPLIST_KEY_UIApplicationSupportsIndirectInputEvents = YES;
				INFOPLIST_KEY_UILaunchStoryboardName = LaunchScreen;
				INFOPLIST_KEY_UIMainStoryboardFile = Main;
				INFOPLIST_KEY_UISupportedInterfaceOrientations_iPad = "UIInterfaceOrientationPortrait UIInterfaceOrientationPortraitUpsideDown UIInterfaceOrientationLandscapeLeft UIInterfaceOrientationLandscapeRight";
				INFOPLIST_KEY_UISupportedInterfaceOrientations_iPhone = "UIInterfaceOrientationPortrait UIInterfaceOrientationLandscapeLeft UIInterfaceOrientationLandscapeRight";
				LD_RUNPATH_SEARCH_PATHS = (
					"$(inherited)",
					"@executable_path/Frameworks",
				);
				MARKETING_VERSION = 1.0;
				PRODUCT_BUNDLE_IDENTIFIER = com.rockman.IPTSampleUIKit;
				PRODUCT_NAME = "$(TARGET_NAME)";
				SWIFT_EMIT_LOC_STRINGS = YES;
				SWIFT_VERSION = 5.0;
				TARGETED_DEVICE_FAMILY = "1,2";
			};
			name = Debug;
		};
		0A3B865129DD844B00C85FA8 /* Release */ = {
			isa = XCBuildConfiguration;
			buildSettings = {
				ASSETCATALOG_COMPILER_APPICON_NAME = AppIcon;
				ASSETCATALOG_COMPILER_GLOBAL_ACCENT_COLOR_NAME = AccentColor;
				CODE_SIGN_STYLE = Automatic;
				CURRENT_PROJECT_VERSION = 1;
				DEVELOPMENT_TEAM = 5K42YC37US;
				GENERATE_INFOPLIST_FILE = YES;
				INFOPLIST_FILE = IPTSampleUIKit/Info.plist;
				INFOPLIST_KEY_UIApplicationSupportsIndirectInputEvents = YES;
				INFOPLIST_KEY_UILaunchStoryboardName = LaunchScreen;
				INFOPLIST_KEY_UIMainStoryboardFile = Main;
				INFOPLIST_KEY_UISupportedInterfaceOrientations_iPad = "UIInterfaceOrientationPortrait UIInterfaceOrientationPortraitUpsideDown UIInterfaceOrientationLandscapeLeft UIInterfaceOrientationLandscapeRight";
				INFOPLIST_KEY_UISupportedInterfaceOrientations_iPhone = "UIInterfaceOrientationPortrait UIInterfaceOrientationLandscapeLeft UIInterfaceOrientationLandscapeRight";
				LD_RUNPATH_SEARCH_PATHS = (
					"$(inherited)",
					"@executable_path/Frameworks",
				);
				MARKETING_VERSION = 1.0;
				PRODUCT_BUNDLE_IDENTIFIER = com.rockman.IPTSampleUIKit;
				PRODUCT_NAME = "$(TARGET_NAME)";
				SWIFT_EMIT_LOC_STRINGS = YES;
				SWIFT_VERSION = 5.0;
				TARGETED_DEVICE_FAMILY = "1,2";
			};
			name = Release;
		};
/* End XCBuildConfiguration section */

/* Begin XCConfigurationList section */
		0A17927829CDCB7B00CCBD12 /* Build configuration list for PBXProject "IPTSampleApp" */ = {
			isa = XCConfigurationList;
			buildConfigurations = (
				0A17928929CDCB7D00CCBD12 /* Debug */,
				0A17928A29CDCB7D00CCBD12 /* Release */,
			);
			defaultConfigurationIsVisible = 0;
			defaultConfigurationName = Release;
		};
		0A17928B29CDCB7D00CCBD12 /* Build configuration list for PBXNativeTarget "IPTSampleAppSUI+XCF" */ = {
			isa = XCConfigurationList;
			buildConfigurations = (
				0A17928C29CDCB7D00CCBD12 /* Debug */,
				0A17928D29CDCB7D00CCBD12 /* Release */,
			);
			defaultConfigurationIsVisible = 0;
			defaultConfigurationName = Release;
		};
		0A3B865229DD844B00C85FA8 /* Build configuration list for PBXNativeTarget "IPTSampleUIKit+SPM" */ = {
			isa = XCConfigurationList;
			buildConfigurations = (
				0A3B865029DD844B00C85FA8 /* Debug */,
				0A3B865129DD844B00C85FA8 /* Release */,
			);
			defaultConfigurationIsVisible = 0;
			defaultConfigurationName = Release;
		};
/* End XCConfigurationList section */

/* Begin XCRemoteSwiftPackageReference section */
		0A423E6429DEB16800BABEF4 /* XCRemoteSwiftPackageReference "inplat_checkout_ios_sdk" */ = {
			isa = XCRemoteSwiftPackageReference;
			repositoryURL = "https://github.com/Dmitry-rman/inplat_checkout_ios_sdk/";
			requirement = {
				branch = main;
				kind = branch;
			};
		};
/* End XCRemoteSwiftPackageReference section */

/* Begin XCSwiftPackageProductDependency section */
		0A423E6529DEB16800BABEF4 /* IPTCheckout */ = {
			isa = XCSwiftPackageProductDependency;
			package = 0A423E6429DEB16800BABEF4 /* XCRemoteSwiftPackageReference "inplat_checkout_ios_sdk" */;
			productName = IPTCheckout;
		};
/* End XCSwiftPackageProductDependency section */
	};
	rootObject = 0A17927529CDCB7B00CCBD12 /* Project object */;
}
