{
  "pins" : [
    {
      "identity" : "inplat_checkout_ios_sdk",
      "kind" : "remoteSourceControl",
      "location" : "https://github.com/Dmitry-rman/inplat_checkout_ios_sdk/",
      "state" : {
        "revision" : "541bd94cbdd529b16cce3dbf77bd3fe1c5d3a7a2",
        "version" : "0.1.0"
      }
    }
  ],
  "version" : 2
}
