{
  "pins" : [
    {
      "identity" : "inplat_checkout_ios_sdk",
      "kind" : "remoteSourceControl",
      "location" : "https://github.com/Dmitry-rman/inplat_checkout_ios_sdk/",
      "state" : {
        "branch" : "main",
        "revision" : "23f32ba8b50e0f5a94bd2953923f118b171a5452"
      }
    }
  ],
  "version" : 2
}
